// !$*UTF8*$!
{
	archiveVersion = 1;
	classes = {
	};
	objectVersion = 50;
	objects = {

/* Begin PBXBuildFile section */
		6B0A34372084C473000C560D /* espeak-data in Resources */ = {isa = PBXBuildFile; fileRef = 6B0A34362084C473000C560D /* espeak-data */; };
		6B0A34382084C5C9000C560D /* PTeSpeak.m in Sources */ = {isa = PBXBuildFile; fileRef = 6B45C9492084BC8F0060AF55 /* PTeSpeak.m */; };
		6B2AF4962088D66F00A44030 /* Reachability.swift in Sources */ = {isa = PBXBuildFile; fileRef = 6B2AF4952088D66F00A44030 /* Reachability.swift */; };
		6B2AF49E2088D97500A44030 /* SwiftyJSON.swift in Sources */ = {isa = PBXBuildFile; fileRef = 6B2AF49D2088D97500A44030 /* SwiftyJSON.swift */; };
		6B32363C208732520009696A /* BookmarksTableViewController.swift in Sources */ = {isa = PBXBuildFile; fileRef = 6B32363B208732520009696A /* BookmarksTableViewController.swift */; };
		6B323645208732B90009696A /* Bookmarks.xcdatamodeld in Sources */ = {isa = PBXBuildFile; fileRef = 6B323643208732B90009696A /* Bookmarks.xcdatamodeld */; };
		6B45C8EF208494B60060AF55 /* Debouncer.swift in Sources */ = {isa = PBXBuildFile; fileRef = 6B45C8EE208494B60060AF55 /* Debouncer.swift */; };
		6B45C9022084BB630060AF55 /* AudioToolbox.framework in Frameworks */ = {isa = PBXBuildFile; fileRef = 6B45C9012084BB630060AF55 /* AudioToolbox.framework */; };
		6B5E0C982080B69100010F07 /* AppDelegate.swift in Sources */ = {isa = PBXBuildFile; fileRef = 6B5E0C972080B69100010F07 /* AppDelegate.swift */; };
		6B5E0C9D2080B69100010F07 /* MasterViewController.swift in Sources */ = {isa = PBXBuildFile; fileRef = 6B5E0C9C2080B69100010F07 /* MasterViewController.swift */; };
		6B5E0C9F2080B69100010F07 /* DetailViewController.swift in Sources */ = {isa = PBXBuildFile; fileRef = 6B5E0C9E2080B69100010F07 /* DetailViewController.swift */; };
		6B5E0CA22080B69100010F07 /* Main.storyboard in Resources */ = {isa = PBXBuildFile; fileRef = 6B5E0CA02080B69100010F07 /* Main.storyboard */; };
		6B5E0CA42080B69200010F07 /* Assets.xcassets in Resources */ = {isa = PBXBuildFile; fileRef = 6B5E0CA32080B69200010F07 /* Assets.xcassets */; };
		6B5E0CAF2080B74700010F07 /* ilingoka.sqlite in Resources */ = {isa = PBXBuildFile; fileRef = 6B5E0CAE2080B74700010F07 /* ilingoka.sqlite */; };
		6B6EE4EA2084C3C000F70470 /* speak_lib.cpp in Sources */ = {isa = PBXBuildFile; fileRef = 6B6EE4BC2084C3C000F70470 /* speak_lib.cpp */; };
		6B6EE4EB2084C3C000F70470 /* fifo.cpp in Sources */ = {isa = PBXBuildFile; fileRef = 6B6EE4BE2084C3C000F70470 /* fifo.cpp */; };
		6B6EE4EC2084C3C000F70470 /* wave_sada.cpp in Sources */ = {isa = PBXBuildFile; fileRef = 6B6EE4C02084C3C000F70470 /* wave_sada.cpp */; };
		6B6EE4ED2084C3C000F70470 /* wave_pulse.cpp in Sources */ = {isa = PBXBuildFile; fileRef = 6B6EE4C12084C3C000F70470 /* wave_pulse.cpp */; };
		6B6EE4EE2084C3C000F70470 /* synthesize.cpp in Sources */ = {isa = PBXBuildFile; fileRef = 6B6EE4C32084C3C000F70470 /* synthesize.cpp */; };
		6B6EE4EF2084C3C000F70470 /* compiledict.cpp in Sources */ = {isa = PBXBuildFile; fileRef = 6B6EE4C42084C3C000F70470 /* compiledict.cpp */; };
		6B6EE4F02084C3C000F70470 /* mbrowrap.cpp in Sources */ = {isa = PBXBuildFile; fileRef = 6B6EE4C52084C3C000F70470 /* mbrowrap.cpp */; };
		6B6EE4F12084C3C000F70470 /* synthdata.cpp in Sources */ = {isa = PBXBuildFile; fileRef = 6B6EE4C72084C3C000F70470 /* synthdata.cpp */; };
		6B6EE4F22084C3C000F70470 /* voices.cpp in Sources */ = {isa = PBXBuildFile; fileRef = 6B6EE4C82084C3C000F70470 /* voices.cpp */; };
		6B6EE4F32084C3C000F70470 /* wave.cpp in Sources */ = {isa = PBXBuildFile; fileRef = 6B6EE4CD2084C3C000F70470 /* wave.cpp */; };
		6B6EE4F42084C3C000F70470 /* readclause.cpp in Sources */ = {isa = PBXBuildFile; fileRef = 6B6EE4D22084C3C000F70470 /* readclause.cpp */; };
		6B6EE4F52084C3C000F70470 /* phonemelist.cpp in Sources */ = {isa = PBXBuildFile; fileRef = 6B6EE4D32084C3C000F70470 /* phonemelist.cpp */; };
		6B6EE4F62084C3C000F70470 /* tr_languages.cpp in Sources */ = {isa = PBXBuildFile; fileRef = 6B6EE4D42084C3C000F70470 /* tr_languages.cpp */; };
		6B6EE4F72084C3C000F70470 /* wavegen.cpp in Sources */ = {isa = PBXBuildFile; fileRef = 6B6EE4D52084C3C000F70470 /* wavegen.cpp */; };
		6B6EE4F82084C3C000F70470 /* setlengths.cpp in Sources */ = {isa = PBXBuildFile; fileRef = 6B6EE4D82084C3C000F70470 /* setlengths.cpp */; };
		6B6EE4F92084C3C000F70470 /* klatt.cpp in Sources */ = {isa = PBXBuildFile; fileRef = 6B6EE4D92084C3C000F70470 /* klatt.cpp */; };
		6B6EE4FA2084C3C000F70470 /* debug.cpp in Sources */ = {isa = PBXBuildFile; fileRef = 6B6EE4DA2084C3C000F70470 /* debug.cpp */; };
		6B6EE4FB2084C3C000F70470 /* intonation.cpp in Sources */ = {isa = PBXBuildFile; fileRef = 6B6EE4DB2084C3C000F70470 /* intonation.cpp */; };
		6B6EE4FD2084C3C000F70470 /* translate.cpp in Sources */ = {isa = PBXBuildFile; fileRef = 6B6EE4DD2084C3C000F70470 /* translate.cpp */; };
		6B6EE4FE2084C3C000F70470 /* numbers.cpp in Sources */ = {isa = PBXBuildFile; fileRef = 6B6EE4DE2084C3C000F70470 /* numbers.cpp */; };
		6B6EE4FF2084C3C000F70470 /* espeak_command.cpp in Sources */ = {isa = PBXBuildFile; fileRef = 6B6EE4DF2084C3C000F70470 /* espeak_command.cpp */; };
		6B6EE5002084C3C000F70470 /* event.cpp in Sources */ = {isa = PBXBuildFile; fileRef = 6B6EE4E22084C3C000F70470 /* event.cpp */; };
		6B6EE5012084C3C000F70470 /* sonic.cpp in Sources */ = {isa = PBXBuildFile; fileRef = 6B6EE4E52084C3C000F70470 /* sonic.cpp */; };
		6B6EE5032084C3C000F70470 /* dictionary.cpp in Sources */ = {isa = PBXBuildFile; fileRef = 6B6EE4E82084C3C000F70470 /* dictionary.cpp */; };
		6B6EE5042084C3C000F70470 /* synth_mbrola.cpp in Sources */ = {isa = PBXBuildFile; fileRef = 6B6EE4E92084C3C000F70470 /* synth_mbrola.cpp */; };
		6B9B731A2089F3A600AC8C72 /* GRDB.framework in Frameworks */ = {isa = PBXBuildFile; fileRef = 6B9B73152089F3A200AC8C72 /* GRDB.framework */; };
		6B9B731B2089F3A600AC8C72 /* GRDB.framework in Embed Frameworks */ = {isa = PBXBuildFile; fileRef = 6B9B73152089F3A200AC8C72 /* GRDB.framework */; settings = {ATTRIBUTES = (CodeSignOnCopy, RemoveHeadersOnCopy, ); }; };
		6B9B731E2089F3A900AC8C72 /* Toaster.framework in Frameworks */ = {isa = PBXBuildFile; fileRef = 6B9B72F92089F39D00AC8C72 /* Toaster.framework */; };
		6B9B731F2089F3A900AC8C72 /* Toaster.framework in Embed Frameworks */ = {isa = PBXBuildFile; fileRef = 6B9B72F92089F39D00AC8C72 /* Toaster.framework */; settings = {ATTRIBUTES = (CodeSignOnCopy, RemoveHeadersOnCopy, ); }; };
		6B9B733A208A092900AC8C72 /* LaunchScreen.storyboard in Resources */ = {isa = PBXBuildFile; fileRef = 6B9B7338208A092800AC8C72 /* LaunchScreen.storyboard */; };
/* End PBXBuildFile section */

/* Begin PBXContainerItemProxy section */
		6B9B72F82089F39D00AC8C72 /* PBXContainerItemProxy */ = {
			isa = PBXContainerItemProxy;
			containerPortal = 6B9B72F22089F39D00AC8C72 /* Toaster.xcodeproj */;
			proxyType = 2;
			remoteGlobalIDString = 03A75E2B1BCF2066002E46C4;
			remoteInfo = Toaster;
		};
		6B9B72FA2089F39D00AC8C72 /* PBXContainerItemProxy */ = {
			isa = PBXContainerItemProxy;
			containerPortal = 6B9B72F22089F39D00AC8C72 /* Toaster.xcodeproj */;
			proxyType = 2;
			remoteGlobalIDString = 03A75E4F1BCF20D4002E46C4;
			remoteInfo = ToasterDemo;
		};
		6B9B72FC2089F39D00AC8C72 /* PBXContainerItemProxy */ = {
			isa = PBXContainerItemProxy;
			containerPortal = 6B9B72F22089F39D00AC8C72 /* Toaster.xcodeproj */;
			proxyType = 2;
			remoteGlobalIDString = C06FC9D11F95A8CC00782082;
			remoteInfo = ToasterTests;
		};
		6B9B730A2089F3A200AC8C72 /* PBXContainerItemProxy */ = {
			isa = PBXContainerItemProxy;
			containerPortal = 6B9B72FE2089F3A100AC8C72 /* GRDB.xcodeproj */;
			proxyType = 2;
			remoteGlobalIDString = DC3773F319C8CBB3004FCF85;
			remoteInfo = GRDBOSX;
		};
		6B9B730C2089F3A200AC8C72 /* PBXContainerItemProxy */ = {
			isa = PBXContainerItemProxy;
			containerPortal = 6B9B72FE2089F3A100AC8C72 /* GRDB.xcodeproj */;
			proxyType = 2;
			remoteGlobalIDString = 56E5D7F91B4D422D00430942;
			remoteInfo = GRDBOSXTests;
		};
		6B9B730E2089F3A200AC8C72 /* PBXContainerItemProxy */ = {
			isa = PBXContainerItemProxy;
			containerPortal = 6B9B72FE2089F3A100AC8C72 /* GRDB.xcodeproj */;
			proxyType = 2;
			remoteGlobalIDString = 560C981A1C0E22D300BF8471;
			remoteInfo = GRDBOSXPerformanceTests;
		};
		6B9B73102089F3A200AC8C72 /* PBXContainerItemProxy */ = {
			isa = PBXContainerItemProxy;
			containerPortal = 6B9B72FE2089F3A100AC8C72 /* GRDB.xcodeproj */;
			proxyType = 2;
			remoteGlobalIDString = 56439B501F4CA1DC0066043F;
			remoteInfo = GRDBOSXPerformanceComparisonTests;
		};
		6B9B73122089F3A200AC8C72 /* PBXContainerItemProxy */ = {
			isa = PBXContainerItemProxy;
			containerPortal = 6B9B72FE2089F3A100AC8C72 /* GRDB.xcodeproj */;
			proxyType = 2;
			remoteGlobalIDString = 56553C181C3E906C00522B5C;
			remoteInfo = GRDBOSXCrashTests;
		};
		6B9B73142089F3A200AC8C72 /* PBXContainerItemProxy */ = {
			isa = PBXContainerItemProxy;
			containerPortal = 6B9B72FE2089F3A100AC8C72 /* GRDB.xcodeproj */;
			proxyType = 2;
			remoteGlobalIDString = 56E5D7CA1B4D3FED00430942;
			remoteInfo = GRDBiOS;
		};
		6B9B73162089F3A200AC8C72 /* PBXContainerItemProxy */ = {
			isa = PBXContainerItemProxy;
			containerPortal = 6B9B72FE2089F3A100AC8C72 /* GRDB.xcodeproj */;
			proxyType = 2;
			remoteGlobalIDString = 56E5D7D31B4D3FEE00430942;
			remoteInfo = GRDBiOSTests;
		};
		6B9B73182089F3A200AC8C72 /* PBXContainerItemProxy */ = {
			isa = PBXContainerItemProxy;
			containerPortal = 6B9B72FE2089F3A100AC8C72 /* GRDB.xcodeproj */;
			proxyType = 2;
			remoteGlobalIDString = 565490A01D5A4798005622CB;
			remoteInfo = GRDBWatchOS;
		};
		6B9B731C2089F3A700AC8C72 /* PBXContainerItemProxy */ = {
			isa = PBXContainerItemProxy;
			containerPortal = 6B9B72FE2089F3A100AC8C72 /* GRDB.xcodeproj */;
			proxyType = 1;
			remoteGlobalIDString = 56E5D7C91B4D3FED00430942;
			remoteInfo = GRDBiOS;
		};
		6B9B73202089F3A900AC8C72 /* PBXContainerItemProxy */ = {
			isa = PBXContainerItemProxy;
			containerPortal = 6B9B72F22089F39D00AC8C72 /* Toaster.xcodeproj */;
			proxyType = 1;
			remoteGlobalIDString = 03A75E2A1BCF2066002E46C4;
			remoteInfo = Toaster;
		};
/* End PBXContainerItemProxy section */

/* Begin PBXCopyFilesBuildPhase section */
		6B5E0CD72080DEA800010F07 /* Embed Frameworks */ = {
			isa = PBXCopyFilesBuildPhase;
			buildActionMask = 2147483647;
			dstPath = "";
			dstSubfolderSpec = 10;
			files = (
				6B9B731B2089F3A600AC8C72 /* GRDB.framework in Embed Frameworks */,
				6B9B731F2089F3A900AC8C72 /* Toaster.framework in Embed Frameworks */,
			);
			name = "Embed Frameworks";
			runOnlyForDeploymentPostprocessing = 0;
		};
/* End PBXCopyFilesBuildPhase section */

/* Begin PBXFileReference section */
		6B0A34362084C473000C560D /* espeak-data */ = {isa = PBXFileReference; lastKnownFileType = folder; name = "espeak-data"; path = "espeak/espeak-data"; sourceTree = "<group>"; };
		6B2AF4952088D66F00A44030 /* Reachability.swift */ = {isa = PBXFileReference; lastKnownFileType = sourcecode.swift; path = Reachability.swift; sourceTree = "<group>"; };
		6B2AF49D2088D97500A44030 /* SwiftyJSON.swift */ = {isa = PBXFileReference; fileEncoding = 4; lastKnownFileType = sourcecode.swift; path = SwiftyJSON.swift; sourceTree = "<group>"; };
		6B32363B208732520009696A /* BookmarksTableViewController.swift */ = {isa = PBXFileReference; lastKnownFileType = sourcecode.swift; path = BookmarksTableViewController.swift; sourceTree = "<group>"; };
		6B323644208732B90009696A /* Bookmarks.xcdatamodel */ = {isa = PBXFileReference; lastKnownFileType = wrapper.xcdatamodel; path = Bookmarks.xcdatamodel; sourceTree = "<group>"; };
		6B45C8EE208494B60060AF55 /* Debouncer.swift */ = {isa = PBXFileReference; fileEncoding = 4; lastKnownFileType = sourcecode.swift; path = Debouncer.swift; sourceTree = "<group>"; };
		6B45C8FE2084BB460060AF55 /* LinGEO-Bridging-Header.h */ = {isa = PBXFileReference; lastKnownFileType = sourcecode.c.h; path = "LinGEO-Bridging-Header.h"; sourceTree = "<group>"; };
		6B45C9012084BB630060AF55 /* AudioToolbox.framework */ = {isa = PBXFileReference; lastKnownFileType = wrapper.framework; name = AudioToolbox.framework; path = System/Library/Frameworks/AudioToolbox.framework; sourceTree = SDKROOT; };
		6B45C9492084BC8F0060AF55 /* PTeSpeak.m */ = {isa = PBXFileReference; fileEncoding = 4; lastKnownFileType = sourcecode.c.objc; path = PTeSpeak.m; sourceTree = "<group>"; };
		6B45C94A2084BC8F0060AF55 /* PTeSpeak.h */ = {isa = PBXFileReference; fileEncoding = 4; lastKnownFileType = sourcecode.c.h; path = PTeSpeak.h; sourceTree = "<group>"; };
		6B5E0C942080B69100010F07 /* LinGEO.app */ = {isa = PBXFileReference; explicitFileType = wrapper.application; includeInIndex = 0; path = LinGEO.app; sourceTree = BUILT_PRODUCTS_DIR; };
		6B5E0C972080B69100010F07 /* AppDelegate.swift */ = {isa = PBXFileReference; lastKnownFileType = sourcecode.swift; path = AppDelegate.swift; sourceTree = "<group>"; };
		6B5E0C9C2080B69100010F07 /* MasterViewController.swift */ = {isa = PBXFileReference; lastKnownFileType = sourcecode.swift; path = MasterViewController.swift; sourceTree = "<group>"; };
		6B5E0C9E2080B69100010F07 /* DetailViewController.swift */ = {isa = PBXFileReference; lastKnownFileType = sourcecode.swift; path = DetailViewController.swift; sourceTree = "<group>"; };
		6B5E0CA12080B69100010F07 /* Base */ = {isa = PBXFileReference; lastKnownFileType = file.storyboard; name = Base; path = Base.lproj/Main.storyboard; sourceTree = "<group>"; };
		6B5E0CA32080B69200010F07 /* Assets.xcassets */ = {isa = PBXFileReference; lastKnownFileType = folder.assetcatalog; path = Assets.xcassets; sourceTree = "<group>"; };
		6B5E0CA82080B69200010F07 /* Info.plist */ = {isa = PBXFileReference; lastKnownFileType = text.plist.xml; path = Info.plist; sourceTree = "<group>"; };
		6B5E0CAE2080B74700010F07 /* ilingoka.sqlite */ = {isa = PBXFileReference; lastKnownFileType = file; name = ilingoka.sqlite; path = data/ilingoka.sqlite; sourceTree = SOURCE_ROOT; };
		6B6EE4BC2084C3C000F70470 /* speak_lib.cpp */ = {isa = PBXFileReference; fileEncoding = 4; lastKnownFileType = sourcecode.cpp.cpp; path = speak_lib.cpp; sourceTree = "<group>"; };
		6B6EE4BD2084C3C000F70470 /* portaudio18.h */ = {isa = PBXFileReference; fileEncoding = 4; lastKnownFileType = sourcecode.c.h; path = portaudio18.h; sourceTree = "<group>"; };
		6B6EE4BE2084C3C000F70470 /* fifo.cpp */ = {isa = PBXFileReference; fileEncoding = 4; lastKnownFileType = sourcecode.cpp.cpp; path = fifo.cpp; sourceTree = "<group>"; };
		6B6EE4BF2084C3C000F70470 /* sintab.h */ = {isa = PBXFileReference; fileEncoding = 4; lastKnownFileType = sourcecode.c.h; path = sintab.h; sourceTree = "<group>"; };
		6B6EE4C02084C3C000F70470 /* wave_sada.cpp */ = {isa = PBXFileReference; fileEncoding = 4; lastKnownFileType = sourcecode.cpp.cpp; path = wave_sada.cpp; sourceTree = "<group>"; };
		6B6EE4C12084C3C000F70470 /* wave_pulse.cpp */ = {isa = PBXFileReference; fileEncoding = 4; lastKnownFileType = sourcecode.cpp.cpp; path = wave_pulse.cpp; sourceTree = "<group>"; };
		6B6EE4C22084C3C000F70470 /* fifo.h */ = {isa = PBXFileReference; fileEncoding = 4; lastKnownFileType = sourcecode.c.h; path = fifo.h; sourceTree = "<group>"; };
		6B6EE4C32084C3C000F70470 /* synthesize.cpp */ = {isa = PBXFileReference; fileEncoding = 4; lastKnownFileType = sourcecode.cpp.cpp; path = synthesize.cpp; sourceTree = "<group>"; };
		6B6EE4C42084C3C000F70470 /* compiledict.cpp */ = {isa = PBXFileReference; fileEncoding = 4; lastKnownFileType = sourcecode.cpp.cpp; path = compiledict.cpp; sourceTree = "<group>"; };
		6B6EE4C52084C3C000F70470 /* mbrowrap.cpp */ = {isa = PBXFileReference; fileEncoding = 4; lastKnownFileType = sourcecode.cpp.cpp; path = mbrowrap.cpp; sourceTree = "<group>"; };
		6B6EE4C62084C3C000F70470 /* debug.h */ = {isa = PBXFileReference; fileEncoding = 4; lastKnownFileType = sourcecode.c.h; path = debug.h; sourceTree = "<group>"; };
		6B6EE4C72084C3C000F70470 /* synthdata.cpp */ = {isa = PBXFileReference; fileEncoding = 4; lastKnownFileType = sourcecode.cpp.cpp; path = synthdata.cpp; sourceTree = "<group>"; };
		6B6EE4C82084C3C000F70470 /* voices.cpp */ = {isa = PBXFileReference; fileEncoding = 4; lastKnownFileType = sourcecode.cpp.cpp; path = voices.cpp; sourceTree = "<group>"; };
		6B6EE4C92084C3C000F70470 /* StdAfx.h */ = {isa = PBXFileReference; fileEncoding = 4; lastKnownFileType = sourcecode.c.h; path = StdAfx.h; sourceTree = "<group>"; };
		6B6EE4CA2084C3C000F70470 /* synthesize.h */ = {isa = PBXFileReference; fileEncoding = 4; lastKnownFileType = sourcecode.c.h; path = synthesize.h; sourceTree = "<group>"; };
		6B6EE4CB2084C3C000F70470 /* espeak_command.h */ = {isa = PBXFileReference; fileEncoding = 4; lastKnownFileType = sourcecode.c.h; path = espeak_command.h; sourceTree = "<group>"; };
		6B6EE4CC2084C3C000F70470 /* event.h */ = {isa = PBXFileReference; fileEncoding = 4; lastKnownFileType = sourcecode.c.h; path = event.h; sourceTree = "<group>"; };
		6B6EE4CD2084C3C000F70470 /* wave.cpp */ = {isa = PBXFileReference; fileEncoding = 4; lastKnownFileType = sourcecode.cpp.cpp; path = wave.cpp; sourceTree = "<group>"; };
		6B6EE4CE2084C3C000F70470 /* translate.h */ = {isa = PBXFileReference; fileEncoding = 4; lastKnownFileType = sourcecode.c.h; path = translate.h; sourceTree = "<group>"; };
		6B6EE4CF2084C3C000F70470 /* sonic.h */ = {isa = PBXFileReference; fileEncoding = 4; lastKnownFileType = sourcecode.c.h; path = sonic.h; sourceTree = "<group>"; };
		6B6EE4D02084C3C000F70470 /* phoneme.h */ = {isa = PBXFileReference; fileEncoding = 4; lastKnownFileType = sourcecode.c.h; path = phoneme.h; sourceTree = "<group>"; };
		6B6EE4D12084C3C000F70470 /* portaudio.h */ = {isa = PBXFileReference; fileEncoding = 4; lastKnownFileType = sourcecode.c.h; path = portaudio.h; sourceTree = "<group>"; };
		6B6EE4D22084C3C000F70470 /* readclause.cpp */ = {isa = PBXFileReference; fileEncoding = 4; lastKnownFileType = sourcecode.cpp.cpp; path = readclause.cpp; sourceTree = "<group>"; };
		6B6EE4D32084C3C000F70470 /* phonemelist.cpp */ = {isa = PBXFileReference; fileEncoding = 4; lastKnownFileType = sourcecode.cpp.cpp; path = phonemelist.cpp; sourceTree = "<group>"; };
		6B6EE4D42084C3C000F70470 /* tr_languages.cpp */ = {isa = PBXFileReference; fileEncoding = 4; lastKnownFileType = sourcecode.cpp.cpp; path = tr_languages.cpp; sourceTree = "<group>"; };
		6B6EE4D52084C3C000F70470 /* wavegen.cpp */ = {isa = PBXFileReference; fileEncoding = 4; lastKnownFileType = sourcecode.cpp.cpp; path = wavegen.cpp; sourceTree = "<group>"; };
		6B6EE4D62084C3C000F70470 /* speak_lib.h */ = {isa = PBXFileReference; fileEncoding = 4; lastKnownFileType = sourcecode.c.h; path = speak_lib.h; sourceTree = "<group>"; };
		6B6EE4D72084C3C000F70470 /* speech.h */ = {isa = PBXFileReference; fileEncoding = 4; lastKnownFileType = sourcecode.c.h; path = speech.h; sourceTree = "<group>"; };
		6B6EE4D82084C3C000F70470 /* setlengths.cpp */ = {isa = PBXFileReference; fileEncoding = 4; lastKnownFileType = sourcecode.cpp.cpp; path = setlengths.cpp; sourceTree = "<group>"; };
		6B6EE4D92084C3C000F70470 /* klatt.cpp */ = {isa = PBXFileReference; fileEncoding = 4; lastKnownFileType = sourcecode.cpp.cpp; path = klatt.cpp; sourceTree = "<group>"; };
		6B6EE4DA2084C3C000F70470 /* debug.cpp */ = {isa = PBXFileReference; fileEncoding = 4; lastKnownFileType = sourcecode.cpp.cpp; path = debug.cpp; sourceTree = "<group>"; };
		6B6EE4DB2084C3C000F70470 /* intonation.cpp */ = {isa = PBXFileReference; fileEncoding = 4; lastKnownFileType = sourcecode.cpp.cpp; path = intonation.cpp; sourceTree = "<group>"; };
		6B6EE4DD2084C3C000F70470 /* translate.cpp */ = {isa = PBXFileReference; fileEncoding = 4; lastKnownFileType = sourcecode.cpp.cpp; path = translate.cpp; sourceTree = "<group>"; };
		6B6EE4DE2084C3C000F70470 /* numbers.cpp */ = {isa = PBXFileReference; fileEncoding = 4; lastKnownFileType = sourcecode.cpp.cpp; path = numbers.cpp; sourceTree = "<group>"; };
		6B6EE4DF2084C3C000F70470 /* espeak_command.cpp */ = {isa = PBXFileReference; fileEncoding = 4; lastKnownFileType = sourcecode.cpp.cpp; path = espeak_command.cpp; sourceTree = "<group>"; };
		6B6EE4E02084C3C000F70470 /* portaudio19.h */ = {isa = PBXFileReference; fileEncoding = 4; lastKnownFileType = sourcecode.c.h; path = portaudio19.h; sourceTree = "<group>"; };
		6B6EE4E12084C3C000F70470 /* voice.h */ = {isa = PBXFileReference; fileEncoding = 4; lastKnownFileType = sourcecode.c.h; path = voice.h; sourceTree = "<group>"; };
		6B6EE4E22084C3C000F70470 /* event.cpp */ = {isa = PBXFileReference; fileEncoding = 4; lastKnownFileType = sourcecode.cpp.cpp; path = event.cpp; sourceTree = "<group>"; };
		6B6EE4E32084C3C000F70470 /* wave.h */ = {isa = PBXFileReference; fileEncoding = 4; lastKnownFileType = sourcecode.c.h; path = wave.h; sourceTree = "<group>"; };
		6B6EE4E42084C3C000F70470 /* klatt.h */ = {isa = PBXFileReference; fileEncoding = 4; lastKnownFileType = sourcecode.c.h; path = klatt.h; sourceTree = "<group>"; };
		6B6EE4E52084C3C000F70470 /* sonic.cpp */ = {isa = PBXFileReference; fileEncoding = 4; lastKnownFileType = sourcecode.cpp.cpp; path = sonic.cpp; sourceTree = "<group>"; };
		6B6EE4E72084C3C000F70470 /* mbrowrap.h */ = {isa = PBXFileReference; fileEncoding = 4; lastKnownFileType = sourcecode.c.h; path = mbrowrap.h; sourceTree = "<group>"; };
		6B6EE4E82084C3C000F70470 /* dictionary.cpp */ = {isa = PBXFileReference; fileEncoding = 4; lastKnownFileType = sourcecode.cpp.cpp; path = dictionary.cpp; sourceTree = "<group>"; };
		6B6EE4E92084C3C000F70470 /* synth_mbrola.cpp */ = {isa = PBXFileReference; fileEncoding = 4; lastKnownFileType = sourcecode.cpp.cpp; path = synth_mbrola.cpp; sourceTree = "<group>"; };
		6B9B72F22089F39D00AC8C72 /* Toaster.xcodeproj */ = {isa = PBXFileReference; lastKnownFileType = "wrapper.pb-project"; name = Toaster.xcodeproj; path = Toaster/Toaster.xcodeproj; sourceTree = "<group>"; };
		6B9B72FE2089F3A100AC8C72 /* GRDB.xcodeproj */ = {isa = PBXFileReference; lastKnownFileType = "wrapper.pb-project"; name = GRDB.xcodeproj; path = GRDB/GRDB.xcodeproj; sourceTree = "<group>"; };
		6B9B7339208A092800AC8C72 /* Base */ = {isa = PBXFileReference; lastKnownFileType = file.storyboard; name = Base; path = Base.lproj/LaunchScreen.storyboard; sourceTree = "<group>"; };
/* End PBXFileReference section */

/* Begin PBXFrameworksBuildPhase section */
		6B5E0C912080B69100010F07 /* Frameworks */ = {
			isa = PBXFrameworksBuildPhase;
			buildActionMask = 2147483647;
			files = (
				6B45C9022084BB630060AF55 /* AudioToolbox.framework in Frameworks */,
				6B9B731E2089F3A900AC8C72 /* Toaster.framework in Frameworks */,
				6B9B731A2089F3A600AC8C72 /* GRDB.framework in Frameworks */,
			);
			runOnlyForDeploymentPostprocessing = 0;
		};
/* End PBXFrameworksBuildPhase section */

/* Begin PBXGroup section */
		6B5E0C8B2080B69100010F07 = {
			isa = PBXGroup;
			children = (
				6B5E0C962080B69100010F07 /* lingeo */,
				6B5E0CB12080BB5300010F07 /* libraries */,
				6B5E0C952080B69100010F07 /* Products */,
				6B5E0CCA2080BB9000010F07 /* Frameworks */,
			);
			sourceTree = "<group>";
		};
		6B5E0C952080B69100010F07 /* Products */ = {
			isa = PBXGroup;
			children = (
				6B5E0C942080B69100010F07 /* LinGEO.app */,
			);
			name = Products;
			sourceTree = "<group>";
		};
		6B5E0C962080B69100010F07 /* lingeo */ = {
			isa = PBXGroup;
			children = (
				6B0A34362084C473000C560D /* espeak-data */,
				6B6EE4BB2084C3C000F70470 /* espeak-src */,
				6B5E0C972080B69100010F07 /* AppDelegate.swift */,
				6B5E0C9C2080B69100010F07 /* MasterViewController.swift */,
				6B5E0C9E2080B69100010F07 /* DetailViewController.swift */,
				6B32363B208732520009696A /* BookmarksTableViewController.swift */,
				6B5E0CA02080B69100010F07 /* Main.storyboard */,
				6B9B7338208A092800AC8C72 /* LaunchScreen.storyboard */,
				6B5E0CA32080B69200010F07 /* Assets.xcassets */,
				6B5E0CA82080B69200010F07 /* Info.plist */,
				6B5E0CAE2080B74700010F07 /* ilingoka.sqlite */,
				6B45C8FE2084BB460060AF55 /* LinGEO-Bridging-Header.h */,
				6B323643208732B90009696A /* Bookmarks.xcdatamodeld */,
			);
			path = lingeo;
			sourceTree = "<group>";
		};
		6B5E0CB12080BB5300010F07 /* libraries */ = {
			isa = PBXGroup;
			children = (
				6B45C8EE208494B60060AF55 /* Debouncer.swift */,
				6B2AF4952088D66F00A44030 /* Reachability.swift */,
				6B2AF49D2088D97500A44030 /* SwiftyJSON.swift */,
				6B45C94A2084BC8F0060AF55 /* PTeSpeak.h */,
				6B45C9492084BC8F0060AF55 /* PTeSpeak.m */,
				6B9B72FE2089F3A100AC8C72 /* GRDB.xcodeproj */,
				6B9B72F22089F39D00AC8C72 /* Toaster.xcodeproj */,
			);
			path = libraries;
			sourceTree = "<group>";
		};
		6B5E0CCA2080BB9000010F07 /* Frameworks */ = {
			isa = PBXGroup;
			children = (
				6B45C9012084BB630060AF55 /* AudioToolbox.framework */,
			);
			name = Frameworks;
			sourceTree = "<group>";
		};
		6B6EE4BB2084C3C000F70470 /* espeak-src */ = {
			isa = PBXGroup;
			children = (
				6B6EE4BC2084C3C000F70470 /* speak_lib.cpp */,
				6B6EE4BD2084C3C000F70470 /* portaudio18.h */,
				6B6EE4BE2084C3C000F70470 /* fifo.cpp */,
				6B6EE4BF2084C3C000F70470 /* sintab.h */,
				6B6EE4C02084C3C000F70470 /* wave_sada.cpp */,
				6B6EE4C12084C3C000F70470 /* wave_pulse.cpp */,
				6B6EE4C22084C3C000F70470 /* fifo.h */,
				6B6EE4C32084C3C000F70470 /* synthesize.cpp */,
				6B6EE4C42084C3C000F70470 /* compiledict.cpp */,
				6B6EE4C52084C3C000F70470 /* mbrowrap.cpp */,
				6B6EE4C62084C3C000F70470 /* debug.h */,
				6B6EE4C72084C3C000F70470 /* synthdata.cpp */,
				6B6EE4C82084C3C000F70470 /* voices.cpp */,
				6B6EE4C92084C3C000F70470 /* StdAfx.h */,
				6B6EE4CA2084C3C000F70470 /* synthesize.h */,
				6B6EE4CB2084C3C000F70470 /* espeak_command.h */,
				6B6EE4CC2084C3C000F70470 /* event.h */,
				6B6EE4CD2084C3C000F70470 /* wave.cpp */,
				6B6EE4CE2084C3C000F70470 /* translate.h */,
				6B6EE4CF2084C3C000F70470 /* sonic.h */,
				6B6EE4D02084C3C000F70470 /* phoneme.h */,
				6B6EE4D12084C3C000F70470 /* portaudio.h */,
				6B6EE4D22084C3C000F70470 /* readclause.cpp */,
				6B6EE4D32084C3C000F70470 /* phonemelist.cpp */,
				6B6EE4D42084C3C000F70470 /* tr_languages.cpp */,
				6B6EE4D52084C3C000F70470 /* wavegen.cpp */,
				6B6EE4D62084C3C000F70470 /* speak_lib.h */,
				6B6EE4D72084C3C000F70470 /* speech.h */,
				6B6EE4D82084C3C000F70470 /* setlengths.cpp */,
				6B6EE4D92084C3C000F70470 /* klatt.cpp */,
				6B6EE4DA2084C3C000F70470 /* debug.cpp */,
				6B6EE4DB2084C3C000F70470 /* intonation.cpp */,
				6B6EE4DD2084C3C000F70470 /* translate.cpp */,
				6B6EE4DE2084C3C000F70470 /* numbers.cpp */,
				6B6EE4DF2084C3C000F70470 /* espeak_command.cpp */,
				6B6EE4E02084C3C000F70470 /* portaudio19.h */,
				6B6EE4E12084C3C000F70470 /* voice.h */,
				6B6EE4E22084C3C000F70470 /* event.cpp */,
				6B6EE4E32084C3C000F70470 /* wave.h */,
				6B6EE4E42084C3C000F70470 /* klatt.h */,
				6B6EE4E52084C3C000F70470 /* sonic.cpp */,
				6B6EE4E72084C3C000F70470 /* mbrowrap.h */,
				6B6EE4E82084C3C000F70470 /* dictionary.cpp */,
				6B6EE4E92084C3C000F70470 /* synth_mbrola.cpp */,
			);
			name = "espeak-src";
			path = "espeak/espeak-src";
			sourceTree = "<group>";
		};
		6B9B72F32089F39D00AC8C72 /* Products */ = {
			isa = PBXGroup;
			children = (
				6B9B72F92089F39D00AC8C72 /* Toaster.framework */,
				6B9B72FB2089F39D00AC8C72 /* ToasterDemo.app */,
				6B9B72FD2089F39D00AC8C72 /* ToasterTests.xctest */,
			);
			name = Products;
			sourceTree = "<group>";
		};
		6B9B72FF2089F3A100AC8C72 /* Products */ = {
			isa = PBXGroup;
			children = (
				6B9B730B2089F3A200AC8C72 /* GRDB.framework */,
				6B9B730D2089F3A200AC8C72 /* GRDBOSXTests.xctest */,
				6B9B730F2089F3A200AC8C72 /* GRDBOSXPerformanceTests.xctest */,
				6B9B73112089F3A200AC8C72 /* GRDBOSXPerformanceComparisonTests.xctest */,
				6B9B73132089F3A200AC8C72 /* GRDBOSXCrashTests.xctest */,
				6B9B73152089F3A200AC8C72 /* GRDB.framework */,
				6B9B73172089F3A200AC8C72 /* GRDBiOSTests.xctest */,
				6B9B73192089F3A200AC8C72 /* GRDB.framework */,
			);
			name = Products;
			sourceTree = "<group>";
		};
/* End PBXGroup section */

/* Begin PBXNativeTarget section */
		6B5E0C932080B69100010F07 /* LinGEO */ = {
			isa = PBXNativeTarget;
			buildConfigurationList = 6B5E0CAB2080B69200010F07 /* Build configuration list for PBXNativeTarget "LinGEO" */;
			buildPhases = (
				6B5E0C902080B69100010F07 /* Sources */,
				6B5E0C912080B69100010F07 /* Frameworks */,
				6B5E0C922080B69100010F07 /* Resources */,
				6B5E0CD72080DEA800010F07 /* Embed Frameworks */,
			);
			buildRules = (
			);
			dependencies = (
				6B9B731D2089F3A700AC8C72 /* PBXTargetDependency */,
				6B9B73212089F3A900AC8C72 /* PBXTargetDependency */,
			);
			name = LinGEO;
			productName = lingeo;
			productReference = 6B5E0C942080B69100010F07 /* LinGEO.app */;
			productType = "com.apple.product-type.application";
		};
/* End PBXNativeTarget section */

/* Begin PBXProject section */
		6B5E0C8C2080B69100010F07 /* Project object */ = {
			isa = PBXProject;
			attributes = {
				LastSwiftUpdateCheck = 0930;
				LastUpgradeCheck = 0930;
				ORGANIZATIONNAME = LD;
				TargetAttributes = {
					6B5E0C932080B69100010F07 = {
						CreatedOnToolsVersion = 9.3;
						LastSwiftMigration = 0930;
					};
				};
			};
			buildConfigurationList = 6B5E0C8F2080B69100010F07 /* Build configuration list for PBXProject "lingeo" */;
			compatibilityVersion = "Xcode 9.3";
			developmentRegion = en;
			hasScannedForEncodings = 0;
			knownRegions = (
				en,
				Base,
			);
			mainGroup = 6B5E0C8B2080B69100010F07;
			productRefGroup = 6B5E0C952080B69100010F07 /* Products */;
			projectDirPath = "";
			projectReferences = (
				{
					ProductGroup = 6B9B72FF2089F3A100AC8C72 /* Products */;
					ProjectRef = 6B9B72FE2089F3A100AC8C72 /* GRDB.xcodeproj */;
				},
				{
					ProductGroup = 6B9B72F32089F39D00AC8C72 /* Products */;
					ProjectRef = 6B9B72F22089F39D00AC8C72 /* Toaster.xcodeproj */;
				},
			);
			projectRoot = "";
			targets = (
				6B5E0C932080B69100010F07 /* LinGEO */,
			);
		};
/* End PBXProject section */

/* Begin PBXReferenceProxy section */
		6B9B72F92089F39D00AC8C72 /* Toaster.framework */ = {
			isa = PBXReferenceProxy;
			fileType = wrapper.framework;
			path = Toaster.framework;
			remoteRef = 6B9B72F82089F39D00AC8C72 /* PBXContainerItemProxy */;
			sourceTree = BUILT_PRODUCTS_DIR;
		};
		6B9B72FB2089F39D00AC8C72 /* ToasterDemo.app */ = {
			isa = PBXReferenceProxy;
			fileType = wrapper.application;
			path = ToasterDemo.app;
			remoteRef = 6B9B72FA2089F39D00AC8C72 /* PBXContainerItemProxy */;
			sourceTree = BUILT_PRODUCTS_DIR;
		};
		6B9B72FD2089F39D00AC8C72 /* ToasterTests.xctest */ = {
			isa = PBXReferenceProxy;
			fileType = wrapper.cfbundle;
			path = ToasterTests.xctest;
			remoteRef = 6B9B72FC2089F39D00AC8C72 /* PBXContainerItemProxy */;
			sourceTree = BUILT_PRODUCTS_DIR;
		};
		6B9B730B2089F3A200AC8C72 /* GRDB.framework */ = {
			isa = PBXReferenceProxy;
			fileType = wrapper.framework;
			path = GRDB.framework;
			remoteRef = 6B9B730A2089F3A200AC8C72 /* PBXContainerItemProxy */;
			sourceTree = BUILT_PRODUCTS_DIR;
		};
		6B9B730D2089F3A200AC8C72 /* GRDBOSXTests.xctest */ = {
			isa = PBXReferenceProxy;
			fileType = wrapper.cfbundle;
			path = GRDBOSXTests.xctest;
			remoteRef = 6B9B730C2089F3A200AC8C72 /* PBXContainerItemProxy */;
			sourceTree = BUILT_PRODUCTS_DIR;
		};
		6B9B730F2089F3A200AC8C72 /* GRDBOSXPerformanceTests.xctest */ = {
			isa = PBXReferenceProxy;
			fileType = wrapper.cfbundle;
			path = GRDBOSXPerformanceTests.xctest;
			remoteRef = 6B9B730E2089F3A200AC8C72 /* PBXContainerItemProxy */;
			sourceTree = BUILT_PRODUCTS_DIR;
		};
		6B9B73112089F3A200AC8C72 /* GRDBOSXPerformanceComparisonTests.xctest */ = {
			isa = PBXReferenceProxy;
			fileType = wrapper.cfbundle;
			path = GRDBOSXPerformanceComparisonTests.xctest;
			remoteRef = 6B9B73102089F3A200AC8C72 /* PBXContainerItemProxy */;
			sourceTree = BUILT_PRODUCTS_DIR;
		};
		6B9B73132089F3A200AC8C72 /* GRDBOSXCrashTests.xctest */ = {
			isa = PBXReferenceProxy;
			fileType = wrapper.cfbundle;
			path = GRDBOSXCrashTests.xctest;
			remoteRef = 6B9B73122089F3A200AC8C72 /* PBXContainerItemProxy */;
			sourceTree = BUILT_PRODUCTS_DIR;
		};
		6B9B73152089F3A200AC8C72 /* GRDB.framework */ = {
			isa = PBXReferenceProxy;
			fileType = wrapper.framework;
			path = GRDB.framework;
			remoteRef = 6B9B73142089F3A200AC8C72 /* PBXContainerItemProxy */;
			sourceTree = BUILT_PRODUCTS_DIR;
		};
		6B9B73172089F3A200AC8C72 /* GRDBiOSTests.xctest */ = {
			isa = PBXReferenceProxy;
			fileType = wrapper.cfbundle;
			path = GRDBiOSTests.xctest;
			remoteRef = 6B9B73162089F3A200AC8C72 /* PBXContainerItemProxy */;
			sourceTree = BUILT_PRODUCTS_DIR;
		};
		6B9B73192089F3A200AC8C72 /* GRDB.framework */ = {
			isa = PBXReferenceProxy;
			fileType = wrapper.framework;
			path = GRDB.framework;
			remoteRef = 6B9B73182089F3A200AC8C72 /* PBXContainerItemProxy */;
			sourceTree = BUILT_PRODUCTS_DIR;
		};
/* End PBXReferenceProxy section */

/* Begin PBXResourcesBuildPhase section */
		6B5E0C922080B69100010F07 /* Resources */ = {
			isa = PBXResourcesBuildPhase;
			buildActionMask = 2147483647;
			files = (
				6B5E0CAF2080B74700010F07 /* ilingoka.sqlite in Resources */,
				6B5E0CA42080B69200010F07 /* Assets.xcassets in Resources */,
				6B5E0CA22080B69100010F07 /* Main.storyboard in Resources */,
				6B9B733A208A092900AC8C72 /* LaunchScreen.storyboard in Resources */,
				6B0A34372084C473000C560D /* espeak-data in Resources */,
			);
			runOnlyForDeploymentPostprocessing = 0;
		};
/* End PBXResourcesBuildPhase section */

/* Begin PBXSourcesBuildPhase section */
		6B5E0C902080B69100010F07 /* Sources */ = {
			isa = PBXSourcesBuildPhase;
			buildActionMask = 2147483647;
			files = (
				6B6EE4ED2084C3C000F70470 /* wave_pulse.cpp in Sources */,
				6B6EE4F92084C3C000F70470 /* klatt.cpp in Sources */,
				6B32363C208732520009696A /* BookmarksTableViewController.swift in Sources */,
				6B5E0C982080B69100010F07 /* AppDelegate.swift in Sources */,
				6B6EE4F22084C3C000F70470 /* voices.cpp in Sources */,
				6B6EE4FD2084C3C000F70470 /* translate.cpp in Sources */,
				6B6EE4EC2084C3C000F70470 /* wave_sada.cpp in Sources */,
				6B6EE4FB2084C3C000F70470 /* intonation.cpp in Sources */,
				6B6EE4F82084C3C000F70470 /* setlengths.cpp in Sources */,
				6B6EE4F52084C3C000F70470 /* phonemelist.cpp in Sources */,
				6B6EE4EF2084C3C000F70470 /* compiledict.cpp in Sources */,
				6B6EE4EE2084C3C000F70470 /* synthesize.cpp in Sources */,
				6B45C8EF208494B60060AF55 /* Debouncer.swift in Sources */,
				6B5E0C9D2080B69100010F07 /* MasterViewController.swift in Sources */,
				6B6EE4F42084C3C000F70470 /* readclause.cpp in Sources */,
				6B6EE4F32084C3C000F70470 /* wave.cpp in Sources */,
				6B6EE4F02084C3C000F70470 /* mbrowrap.cpp in Sources */,
				6B6EE4EA2084C3C000F70470 /* speak_lib.cpp in Sources */,
				6B6EE5042084C3C000F70470 /* synth_mbrola.cpp in Sources */,
				6B6EE5012084C3C000F70470 /* sonic.cpp in Sources */,
				6B5E0C9F2080B69100010F07 /* DetailViewController.swift in Sources */,
				6B6EE5032084C3C000F70470 /* dictionary.cpp in Sources */,
				6B6EE4FA2084C3C000F70470 /* debug.cpp in Sources */,
				6B323645208732B90009696A /* Bookmarks.xcdatamodeld in Sources */,
				6B6EE4F12084C3C000F70470 /* synthdata.cpp in Sources */,
				6B6EE4FF2084C3C000F70470 /* espeak_command.cpp in Sources */,
				6B6EE4EB2084C3C000F70470 /* fifo.cpp in Sources */,
				6B6EE5002084C3C000F70470 /* event.cpp in Sources */,
				6B6EE4F72084C3C000F70470 /* wavegen.cpp in Sources */,
				6B2AF4962088D66F00A44030 /* Reachability.swift in Sources */,
				6B6EE4FE2084C3C000F70470 /* numbers.cpp in Sources */,
				6B2AF49E2088D97500A44030 /* SwiftyJSON.swift in Sources */,
				6B6EE4F62084C3C000F70470 /* tr_languages.cpp in Sources */,
				6B0A34382084C5C9000C560D /* PTeSpeak.m in Sources */,
			);
			runOnlyForDeploymentPostprocessing = 0;
		};
/* End PBXSourcesBuildPhase section */

/* Begin PBXTargetDependency section */
		6B9B731D2089F3A700AC8C72 /* PBXTargetDependency */ = {
			isa = PBXTargetDependency;
			name = GRDBiOS;
			targetProxy = 6B9B731C2089F3A700AC8C72 /* PBXContainerItemProxy */;
		};
		6B9B73212089F3A900AC8C72 /* PBXTargetDependency */ = {
			isa = PBXTargetDependency;
			name = Toaster;
			targetProxy = 6B9B73202089F3A900AC8C72 /* PBXContainerItemProxy */;
		};
/* End PBXTargetDependency section */

/* Begin PBXVariantGroup section */
		6B5E0CA02080B69100010F07 /* Main.storyboard */ = {
			isa = PBXVariantGroup;
			children = (
				6B5E0CA12080B69100010F07 /* Base */,
			);
			name = Main.storyboard;
			sourceTree = "<group>";
		};
		6B9B7338208A092800AC8C72 /* LaunchScreen.storyboard */ = {
			isa = PBXVariantGroup;
			children = (
				6B9B7339208A092800AC8C72 /* Base */,
			);
			name = LaunchScreen.storyboard;
			sourceTree = "<group>";
		};
/* End PBXVariantGroup section */

/* Begin XCBuildConfiguration section */
		6B5E0CA92080B69200010F07 /* Debug */ = {
			isa = XCBuildConfiguration;
			buildSettings = {
				ALWAYS_SEARCH_USER_PATHS = NO;
				CLANG_ANALYZER_NONNULL = YES;
				CLANG_ANALYZER_NUMBER_OBJECT_CONVERSION = YES_AGGRESSIVE;
				CLANG_CXX_LANGUAGE_STANDARD = "gnu++14";
				CLANG_CXX_LIBRARY = "libc++";
				CLANG_ENABLE_MODULES = YES;
				CLANG_ENABLE_OBJC_ARC = YES;
				CLANG_ENABLE_OBJC_WEAK = YES;
				CLANG_WARN_BLOCK_CAPTURE_AUTORELEASING = YES;
				CLANG_WARN_BOOL_CONVERSION = YES;
				CLANG_WARN_COMMA = YES;
				CLANG_WARN_CONSTANT_CONVERSION = YES;
				CLANG_WARN_DEPRECATED_OBJC_IMPLEMENTATIONS = YES;
				CLANG_WARN_DIRECT_OBJC_ISA_USAGE = YES_ERROR;
				CLANG_WARN_DOCUMENTATION_COMMENTS = YES;
				CLANG_WARN_EMPTY_BODY = YES;
				CLANG_WARN_ENUM_CONVERSION = YES;
				CLANG_WARN_INFINITE_RECURSION = YES;
				CLANG_WARN_INT_CONVERSION = YES;
				CLANG_WARN_NON_LITERAL_NULL_CONVERSION = YES;
				CLANG_WARN_OBJC_IMPLICIT_RETAIN_SELF = YES;
				CLANG_WARN_OBJC_LITERAL_CONVERSION = YES;
				CLANG_WARN_OBJC_ROOT_CLASS = YES_ERROR;
				CLANG_WARN_RANGE_LOOP_ANALYSIS = YES;
				CLANG_WARN_STRICT_PROTOTYPES = YES;
				CLANG_WARN_SUSPICIOUS_MOVE = YES;
				CLANG_WARN_UNGUARDED_AVAILABILITY = YES_AGGRESSIVE;
				CLANG_WARN_UNREACHABLE_CODE = YES;
				CLANG_WARN__DUPLICATE_METHOD_MATCH = YES;
				CODE_SIGN_IDENTITY = "iPhone Developer";
				COPY_PHASE_STRIP = NO;
				DEBUG_INFORMATION_FORMAT = dwarf;
				ENABLE_STRICT_OBJC_MSGSEND = YES;
				ENABLE_TESTABILITY = YES;
				GCC_C_LANGUAGE_STANDARD = gnu11;
				GCC_DYNAMIC_NO_PIC = NO;
				GCC_NO_COMMON_BLOCKS = YES;
				GCC_OPTIMIZATION_LEVEL = 0;
				GCC_PREPROCESSOR_DEFINITIONS = (
					"DEBUG=1",
					"$(inherited)",
				);
				GCC_WARN_64_TO_32_BIT_CONVERSION = YES;
				GCC_WARN_ABOUT_RETURN_TYPE = YES_ERROR;
				GCC_WARN_UNDECLARED_SELECTOR = YES;
				GCC_WARN_UNINITIALIZED_AUTOS = YES_AGGRESSIVE;
				GCC_WARN_UNUSED_FUNCTION = YES;
				GCC_WARN_UNUSED_VARIABLE = YES;
				IPHONEOS_DEPLOYMENT_TARGET = 11.3;
				MTL_ENABLE_DEBUG_INFO = YES;
				ONLY_ACTIVE_ARCH = YES;
				SDKROOT = iphoneos;
				SWIFT_ACTIVE_COMPILATION_CONDITIONS = DEBUG;
				SWIFT_OPTIMIZATION_LEVEL = "-Onone";
			};
			name = Debug;
		};
		6B5E0CAA2080B69200010F07 /* Release */ = {
			isa = XCBuildConfiguration;
			buildSettings = {
				ALWAYS_SEARCH_USER_PATHS = NO;
				CLANG_ANALYZER_NONNULL = YES;
				CLANG_ANALYZER_NUMBER_OBJECT_CONVERSION = YES_AGGRESSIVE;
				CLANG_CXX_LANGUAGE_STANDARD = "gnu++14";
				CLANG_CXX_LIBRARY = "libc++";
				CLANG_ENABLE_MODULES = YES;
				CLANG_ENABLE_OBJC_ARC = YES;
				CLANG_ENABLE_OBJC_WEAK = YES;
				CLANG_WARN_BLOCK_CAPTURE_AUTORELEASING = YES;
				CLANG_WARN_BOOL_CONVERSION = YES;
				CLANG_WARN_COMMA = YES;
				CLANG_WARN_CONSTANT_CONVERSION = YES;
				CLANG_WARN_DEPRECATED_OBJC_IMPLEMENTATIONS = YES;
				CLANG_WARN_DIRECT_OBJC_ISA_USAGE = YES_ERROR;
				CLANG_WARN_DOCUMENTATION_COMMENTS = YES;
				CLANG_WARN_EMPTY_BODY = YES;
				CLANG_WARN_ENUM_CONVERSION = YES;
				CLANG_WARN_INFINITE_RECURSION = YES;
				CLANG_WARN_INT_CONVERSION = YES;
				CLANG_WARN_NON_LITERAL_NULL_CONVERSION = YES;
				CLANG_WARN_OBJC_IMPLICIT_RETAIN_SELF = YES;
				CLANG_WARN_OBJC_LITERAL_CONVERSION = YES;
				CLANG_WARN_OBJC_ROOT_CLASS = YES_ERROR;
				CLANG_WARN_RANGE_LOOP_ANALYSIS = YES;
				CLANG_WARN_STRICT_PROTOTYPES = YES;
				CLANG_WARN_SUSPICIOUS_MOVE = YES;
				CLANG_WARN_UNGUARDED_AVAILABILITY = YES_AGGRESSIVE;
				CLANG_WARN_UNREACHABLE_CODE = YES;
				CLANG_WARN__DUPLICATE_METHOD_MATCH = YES;
				CODE_SIGN_IDENTITY = "iPhone Developer";
				COPY_PHASE_STRIP = NO;
				DEBUG_INFORMATION_FORMAT = "dwarf-with-dsym";
				ENABLE_NS_ASSERTIONS = NO;
				ENABLE_STRICT_OBJC_MSGSEND = YES;
				GCC_C_LANGUAGE_STANDARD = gnu11;
				GCC_NO_COMMON_BLOCKS = YES;
				GCC_WARN_64_TO_32_BIT_CONVERSION = YES;
				GCC_WARN_ABOUT_RETURN_TYPE = YES_ERROR;
				GCC_WARN_UNDECLARED_SELECTOR = YES;
				GCC_WARN_UNINITIALIZED_AUTOS = YES_AGGRESSIVE;
				GCC_WARN_UNUSED_FUNCTION = YES;
				GCC_WARN_UNUSED_VARIABLE = YES;
				IPHONEOS_DEPLOYMENT_TARGET = 11.3;
				MTL_ENABLE_DEBUG_INFO = NO;
				SDKROOT = iphoneos;
				SWIFT_COMPILATION_MODE = wholemodule;
				SWIFT_OPTIMIZATION_LEVEL = "-O";
				VALIDATE_PRODUCT = YES;
			};
			name = Release;
		};
		6B5E0CAC2080B69200010F07 /* Debug */ = {
			isa = XCBuildConfiguration;
			buildSettings = {
				ALWAYS_EMBED_SWIFT_STANDARD_LIBRARIES = YES;
				ASSETCATALOG_COMPILER_APPICON_NAME = AppIcon;
				CLANG_ENABLE_MODULES = YES;
				CODE_SIGN_STYLE = Automatic;
				CURRENT_PROJECT_VERSION = 27;
				DEVELOPMENT_TEAM = N43S8JF6JT;
				INFOPLIST_FILE = lingeo/Info.plist;
				LD_RUNPATH_SEARCH_PATHS = (
					"$(inherited)",
					"@executable_path/Frameworks",
				);
				LIBRARY_SEARCH_PATHS = "$(inherited)";
				PRODUCT_BUNDLE_IDENTIFIER = com.ioseb.lingeo;
				PRODUCT_NAME = "$(TARGET_NAME)";
				SWIFT_OBJC_BRIDGING_HEADER = "lingeo/LinGEO-Bridging-Header.h";
				SWIFT_OPTIMIZATION_LEVEL = "-Onone";
				SWIFT_VERSION = 4.0;
				TARGETED_DEVICE_FAMILY = "1,2";
			};
			name = Debug;
		};
		6B5E0CAD2080B69200010F07 /* Release */ = {
			isa = XCBuildConfiguration;
			buildSettings = {
				ALWAYS_EMBED_SWIFT_STANDARD_LIBRARIES = YES;
				ASSETCATALOG_COMPILER_APPICON_NAME = AppIcon;
				CLANG_ENABLE_MODULES = YES;
				CODE_SIGN_STYLE = Automatic;
				CURRENT_PROJECT_VERSION = 27;
				DEVELOPMENT_TEAM = N43S8JF6JT;
				INFOPLIST_FILE = lingeo/Info.plist;
				LD_RUNPATH_SEARCH_PATHS = (
					"$(inherited)",
					"@executable_path/Frameworks",
				);
				LIBRARY_SEARCH_PATHS = "$(inherited)";
				PRODUCT_BUNDLE_IDENTIFIER = com.ioseb.lingeo;
				PRODUCT_NAME = "$(TARGET_NAME)";
				SWIFT_OBJC_BRIDGING_HEADER = "lingeo/LinGEO-Bridging-Header.h";
				SWIFT_VERSION = 4.0;
				TARGETED_DEVICE_FAMILY = "1,2";
			};
			name = Release;
		};
/* End XCBuildConfiguration section */

/* Begin XCConfigurationList section */
		6B5E0C8F2080B69100010F07 /* Build configuration list for PBXProject "lingeo" */ = {
			isa = XCConfigurationList;
			buildConfigurations = (
				6B5E0CA92080B69200010F07 /* Debug */,
				6B5E0CAA2080B69200010F07 /* Release */,
			);
			defaultConfigurationIsVisible = 0;
			defaultConfigurationName = Release;
		};
		6B5E0CAB2080B69200010F07 /* Build configuration list for PBXNativeTarget "LinGEO" */ = {
			isa = XCConfigurationList;
			buildConfigurations = (
				6B5E0CAC2080B69200010F07 /* Debug */,
				6B5E0CAD2080B69200010F07 /* Release */,
			);
			defaultConfigurationIsVisible = 0;
			defaultConfigurationName = Release;
		};
/* End XCConfigurationList section */

/* Begin XCVersionGroup section */
		6B323643208732B90009696A /* Bookmarks.xcdatamodeld */ = {
			isa = XCVersionGroup;
			children = (
				6B323644208732B90009696A /* Bookmarks.xcdatamodel */,
			);
			currentVersion = 6B323644208732B90009696A /* Bookmarks.xcdatamodel */;
			path = Bookmarks.xcdatamodeld;
			sourceTree = "<group>";
			versionGroupType = wrapper.xcdatamodel;
		};
/* End XCVersionGroup section */
	};
	rootObject = 6B5E0C8C2080B69100010F07 /* Project object */;
}
